# This file is autogenerated, do not edit; changes may be undone by the next 'dep ensure'.


[[projects]]
  name = "github.com/unidoc/unidoc"
  packages = ["common","license","pdf"]
  revision = "06c4206fc257364ba1b7f22e738f9b1ec4c18494"
  version = "v1.1.0"

[solve-meta]
  analyzer-name = "dep"
  analyzer-version = 1
  inputs-digest = "d04df9cc4a099fc13728edbd73949524cf34f4130816fe284819bdd604c04406"
  solver-name = "gps-cdcl"
  solver-version = 1
